
Microsoft Visual Studio Solution File, Format Version 12.00
# Visual Studio 15
VisualStudioVersion = 15.0.26430.13
MinimumVisualStudioVersion = 10.0.40219.1
Project("{FAE04EC0-301F-11D3-BF4B-00C04F79EFBC}") = "Onomatopaira", "Onomatopaira\Onomatopaira.csproj", "{471F031F-BDBB-48B4-8128-1399723BA10F}"
	ProjectSection(ProjectDependencies) = postProject
		{4C925470-F8CB-4B64-A64D-179D03932794} = {4C925470-F8CB-4B64-A64D-179D03932794}
	EndProjectSection
EndProject
Project("{2150E333-8FDC-42A3-9474-1A3956D46DE8}") = "Onomatopaira", "Onomatopaira", "{02C840FF-0324-4F6A-B4FA-C1529207B4A8}"
EndProject
Project("{FAE04EC0-301F-11D3-BF4B-00C04F79EFBC}") = "Relinquished", "Relinquished\Relinquished.csproj", "{C31CEFE9-64FE-4193-B5DB-9D9CEE83E4BF}"
	ProjectSection(ProjectDependencies) = postProject
		{4C925470-F8CB-4B64-A64D-179D03932794} = {4C925470-F8CB-4B64-A64D-179D03932794}
	EndProjectSection
EndProject
Project("{2150E333-8FDC-42A3-9474-1A3956D46DE8}") = "Relinquished", "Relinquished", "{48685BE9-4020-4F0D-97B2-3F4ED7B9F1B6}"
EndProject
Project("{FAE04EC0-301F-11D3-BF4B-00C04F79EFBC}") = "Celtic Guardian", "Celtic Guardian\Celtic Guardian.csproj", "{4C925470-F8CB-4B64-A64D-179D03932794}"
EndProject
Project("{2150E333-8FDC-42A3-9474-1A3956D46DE8}") = "Celtic Guardian", "Celtic Guardian", "{AA50B49E-F668-45AA-80C3-5B8F34A3BF97}"
EndProject
Project("{2150E333-8FDC-42A3-9474-1A3956D46DE8}") = "Abaki", "Abaki", "{5A5D7FAD-A9D1-4158-8366-359622FD9C48}"
EndProject
Project("{FAE04EC0-301F-11D3-BF4B-00C04F79EFBC}") = "Abaki", "Abaki\Abaki.csproj", "{AF70842B-03CA-433D-A599-904A5FD9624F}"
	ProjectSection(ProjectDependencies) = postProject
		{4C925470-F8CB-4B64-A64D-179D03932794} = {4C925470-F8CB-4B64-A64D-179D03932794}
	EndProjectSection
EndProject
Project("{FAE04EC0-301F-11D3-BF4B-00C04F79EFBC}") = "Wolf", "Wolf\Wolf.csproj", "{C9200A4B-3A0F-4E65-B577-FAB1ECF41ADE}"
	ProjectSection(ProjectDependencies) = postProject
		{4C925470-F8CB-4B64-A64D-179D03932794} = {4C925470-F8CB-4B64-A64D-179D03932794}
	EndProjectSection
EndProject
Project("{2150E333-8FDC-42A3-9474-1A3956D46DE8}") = "Wolf", "Wolf", "{278B7179-881F-47F7-815C-F67143B2792F}"
EndProject
Global
	GlobalSection(SolutionConfigurationPlatforms) = preSolution
		Debug|Any CPU = Debug|Any CPU
		Debug|x64 = Debug|x64
		Debug|x86 = Debug|x86
		Release|Any CPU = Release|Any CPU
		Release|x64 = Release|x64
		Release|x86 = Release|x86
	EndGlobalSection
	GlobalSection(ProjectConfigurationPlatforms) = postSolution
		{471F031F-BDBB-48B4-8128-1399723BA10F}.Debug|Any CPU.ActiveCfg = Debug|Any CPU
		{471F031F-BDBB-48B4-8128-1399723BA10F}.Debug|Any CPU.Build.0 = Debug|Any CPU
		{471F031F-BDBB-48B4-8128-1399723BA10F}.Debug|x64.ActiveCfg = Debug|x64
		{471F031F-BDBB-48B4-8128-1399723BA10F}.Debug|x64.Build.0 = Debug|x64
		{471F031F-BDBB-48B4-8128-1399723BA10F}.Debug|x86.ActiveCfg = Debug|Any CPU
		{471F031F-BDBB-48B4-8128-1399723BA10F}.Debug|x86.Build.0 = Debug|Any CPU
		{471F031F-BDBB-48B4-8128-1399723BA10F}.Release|Any CPU.ActiveCfg = Release|Any CPU
		{471F031F-BDBB-48B4-8128-1399723BA10F}.Release|Any CPU.Build.0 = Release|Any CPU
		{471F031F-BDBB-48B4-8128-1399723BA10F}.Release|x64.ActiveCfg = Release|x64
		{471F031F-BDBB-48B4-8128-1399723BA10F}.Release|x64.Build.0 = Release|x64
		{471F031F-BDBB-48B4-8128-1399723BA10F}.Release|x86.ActiveCfg = Release|Any CPU
		{471F031F-BDBB-48B4-8128-1399723BA10F}.Release|x86.Build.0 = Release|Any CPU
		{C31CEFE9-64FE-4193-B5DB-9D9CEE83E4BF}.Debug|Any CPU.ActiveCfg = Debug|Any CPU
		{C31CEFE9-64FE-4193-B5DB-9D9CEE83E4BF}.Debug|Any CPU.Build.0 = Debug|Any CPU
		{C31CEFE9-64FE-4193-B5DB-9D9CEE83E4BF}.Debug|x64.ActiveCfg = Debug|x64
		{C31CEFE9-64FE-4193-B5DB-9D9CEE83E4BF}.Debug|x64.Build.0 = Debug|x64
		{C31CEFE9-64FE-4193-B5DB-9D9CEE83E4BF}.Debug|x86.ActiveCfg = Debug|Any CPU
		{C31CEFE9-64FE-4193-B5DB-9D9CEE83E4BF}.Debug|x86.Build.0 = Debug|Any CPU
		{C31CEFE9-64FE-4193-B5DB-9D9CEE83E4BF}.Release|Any CPU.ActiveCfg = Release|Any CPU
		{C31CEFE9-64FE-4193-B5DB-9D9CEE83E4BF}.Release|Any CPU.Build.0 = Release|Any CPU
		{C31CEFE9-64FE-4193-B5DB-9D9CEE83E4BF}.Release|x64.ActiveCfg = Release|x64
		{C31CEFE9-64FE-4193-B5DB-9D9CEE83E4BF}.Release|x64.Build.0 = Release|x64
		{C31CEFE9-64FE-4193-B5DB-9D9CEE83E4BF}.Release|x86.ActiveCfg = Release|Any CPU
		{C31CEFE9-64FE-4193-B5DB-9D9CEE83E4BF}.Release|x86.Build.0 = Release|Any CPU
		{4C925470-F8CB-4B64-A64D-179D03932794}.Debug|Any CPU.ActiveCfg = Debug|Any CPU
		{4C925470-F8CB-4B64-A64D-179D03932794}.Debug|Any CPU.Build.0 = Debug|Any CPU
		{4C925470-F8CB-4B64-A64D-179D03932794}.Debug|x64.ActiveCfg = Debug|x64
		{4C925470-F8CB-4B64-A64D-179D03932794}.Debug|x64.Build.0 = Debug|x64
		{4C925470-F8CB-4B64-A64D-179D03932794}.Debug|x86.ActiveCfg = Debug|Any CPU
		{4C925470-F8CB-4B64-A64D-179D03932794}.Debug|x86.Build.0 = Debug|Any CPU
		{4C925470-F8CB-4B64-A64D-179D03932794}.Release|Any CPU.ActiveCfg = Release|Any CPU
		{4C925470-F8CB-4B64-A64D-179D03932794}.Release|Any CPU.Build.0 = Release|Any CPU
		{4C925470-F8CB-4B64-A64D-179D03932794}.Release|x64.ActiveCfg = Release|x64
		{4C925470-F8CB-4B64-A64D-179D03932794}.Release|x64.Build.0 = Release|x64
		{4C925470-F8CB-4B64-A64D-179D03932794}.Release|x86.ActiveCfg = Release|Any CPU
		{4C925470-F8CB-4B64-A64D-179D03932794}.Release|x86.Build.0 = Release|Any CPU
		{AF70842B-03CA-433D-A599-904A5FD9624F}.Debug|Any CPU.ActiveCfg = Debug|Any CPU
		{AF70842B-03CA-433D-A599-904A5FD9624F}.Debug|Any CPU.Build.0 = Debug|Any CPU
		{AF70842B-03CA-433D-A599-904A5FD9624F}.Debug|x64.ActiveCfg = Debug|Any CPU
		{AF70842B-03CA-433D-A599-904A5FD9624F}.Debug|x64.Build.0 = Debug|Any CPU
		{AF70842B-03CA-433D-A599-904A5FD9624F}.Debug|x86.ActiveCfg = Debug|Any CPU
		{AF70842B-03CA-433D-A599-904A5FD9624F}.Debug|x86.Build.0 = Debug|Any CPU
		{AF70842B-03CA-433D-A599-904A5FD9624F}.Release|Any CPU.ActiveCfg = Release|Any CPU
		{AF70842B-03CA-433D-A599-904A5FD9624F}.Release|Any CPU.Build.0 = Release|Any CPU
		{AF70842B-03CA-433D-A599-904A5FD9624F}.Release|x64.ActiveCfg = Release|Any CPU
		{AF70842B-03CA-433D-A599-904A5FD9624F}.Release|x64.Build.0 = Release|Any CPU
		{AF70842B-03CA-433D-A599-904A5FD9624F}.Release|x86.ActiveCfg = Release|Any CPU
		{AF70842B-03CA-433D-A599-904A5FD9624F}.Release|x86.Build.0 = Release|Any CPU
		{C9200A4B-3A0F-4E65-B577-FAB1ECF41ADE}.Debug|Any CPU.ActiveCfg = Debug|Any CPU
		{C9200A4B-3A0F-4E65-B577-FAB1ECF41ADE}.Debug|Any CPU.Build.0 = Debug|Any CPU
		{C9200A4B-3A0F-4E65-B577-FAB1ECF41ADE}.Debug|x64.ActiveCfg = Debug|Any CPU
		{C9200A4B-3A0F-4E65-B577-FAB1ECF41ADE}.Debug|x64.Build.0 = Debug|Any CPU
		{C9200A4B-3A0F-4E65-B577-FAB1ECF41ADE}.Debug|x86.ActiveCfg = Debug|Any CPU
		{C9200A4B-3A0F-4E65-B577-FAB1ECF41ADE}.Debug|x86.Build.0 = Debug|Any CPU
		{C9200A4B-3A0F-4E65-B577-FAB1ECF41ADE}.Release|Any CPU.ActiveCfg = Release|Any CPU
		{C9200A4B-3A0F-4E65-B577-FAB1ECF41ADE}.Release|Any CPU.Build.0 = Release|Any CPU
		{C9200A4B-3A0F-4E65-B577-FAB1ECF41ADE}.Release|x64.ActiveCfg = Release|Any CPU
		{C9200A4B-3A0F-4E65-B577-FAB1ECF41ADE}.Release|x64.Build.0 = Release|Any CPU
		{C9200A4B-3A0F-4E65-B577-FAB1ECF41ADE}.Release|x86.ActiveCfg = Release|Any CPU
		{C9200A4B-3A0F-4E65-B577-FAB1ECF41ADE}.Release|x86.Build.0 = Release|Any CPU
	EndGlobalSection
	GlobalSection(SolutionProperties) = preSolution
		HideSolutionNode = FALSE
	EndGlobalSection
	GlobalSection(NestedProjects) = preSolution
		{471F031F-BDBB-48B4-8128-1399723BA10F} = {02C840FF-0324-4F6A-B4FA-C1529207B4A8}
		{C31CEFE9-64FE-4193-B5DB-9D9CEE83E4BF} = {48685BE9-4020-4F0D-97B2-3F4ED7B9F1B6}
		{4C925470-F8CB-4B64-A64D-179D03932794} = {AA50B49E-F668-45AA-80C3-5B8F34A3BF97}
		{AF70842B-03CA-433D-A599-904A5FD9624F} = {5A5D7FAD-A9D1-4158-8366-359622FD9C48}
		{C9200A4B-3A0F-4E65-B577-FAB1ECF41ADE} = {278B7179-881F-47F7-815C-F67143B2792F}
	EndGlobalSection
EndGlobal
