
Microsoft Visual Studio Solution File, Format Version 12.00
# Visual Studio 15
VisualStudioVersion = 15.0.26430.16
MinimumVisualStudioVersion = 10.0.40219.1
Project("{FAE04EC0-301F-11D3-BF4B-00C04F79EFBC}") = "Onomatopaira", "Onomatopaira\Onomatopaira.csproj", "{471F031F-BDBB-48B4-8128-1399723BA10F}"
	ProjectSection(ProjectDependencies) = postProject
		{4C925470-F8CB-4B64-A64D-179D03932794} = {4C925470-F8CB-4B64-A64D-179D03932794}
	EndProjectSection
EndProject
Project("{FAE04EC0-301F-11D3-BF4B-00C04F79EFBC}") = "Relinquished", "Relinquished\Relinquished.csproj", "{C31CEFE9-64FE-4193-B5DB-9D9CEE83E4BF}"
	ProjectSection(ProjectDependencies) = postProject
		{4C925470-F8CB-4B64-A64D-179D03932794} = {4C925470-F8CB-4B64-A64D-179D03932794}
	EndProjectSection
EndProject
Project("{FAE04EC0-301F-11D3-BF4B-00C04F79EFBC}") = "Celtic Guardian", "Celtic Guardian\Celtic Guardian.csproj", "{4C925470-F8CB-4B64-A64D-179D03932794}"
EndProject
Project("{FAE04EC0-301F-11D3-BF4B-00C04F79EFBC}") = "Abaki", "Abaki\Abaki.csproj", "{AF70842B-03CA-433D-A599-904A5FD9624F}"
	ProjectSection(ProjectDependencies) = postProject
		{4C925470-F8CB-4B64-A64D-179D03932794} = {4C925470-F8CB-4B64-A64D-179D03932794}
	EndProjectSection
EndProject
Project("{FAE04EC0-301F-11D3-BF4B-00C04F79EFBC}") = "Wolf", "Wolf\Wolf.csproj", "{C9200A4B-3A0F-4E65-B577-FAB1ECF41ADE}"
	ProjectSection(ProjectDependencies) = postProject
		{4C925470-F8CB-4B64-A64D-179D03932794} = {4C925470-F8CB-4B64-A64D-179D03932794}
	EndProjectSection
EndProject
Project("{FAE04EC0-301F-11D3-BF4B-00C04F79EFBC}") = "Ether", "Ether\Ether.csproj", "{470E8CA5-3741-4FB6-BD16-5FDB6805FCC3}"
EndProject
Project("{FAE04EC0-301F-11D3-BF4B-00C04F79EFBC}") = "Vortex", "Vortex\Vortex.csproj", "{2FD46374-78BE-493F-8AB5-D03B4899A04B}"
EndProject
Project("{FAE04EC0-301F-11D3-BF4B-00C04F79EFBC}") = "Embargo", "Embargo\Embargo.csproj", "{F4978EA4-45F2-402E-8620-D6F7C6B13D96}"
EndProject
Project("{2150E333-8FDC-42A3-9474-1A3956D46DE8}") = "Template DLL Files", "Template DLL Files", "{20E27FC9-45E3-41EF-8ADD-CB3A010C051F}"
EndProject
Project("{8BC9CEB8-8B4A-11D0-8D11-00A0C91BC942}") = "MessageBox", "MessageBox\MessageBox.vcxproj", "{161D46DF-3981-4C43-8E8D-E3E24B4C93F1}"
EndProject
Project("{2150E333-8FDC-42A3-9474-1A3956D46DE8}") = "MessageBox", "MessageBox", "{82DD79BD-8E10-4AB6-BA02-6F1D78B497E1}"
EndProject
Project("{2150E333-8FDC-42A3-9474-1A3956D46DE8}") = "CreateThread", "CreateThread", "{331E1BAC-EC9B-43AE-9F0A-F8D389375589}"
EndProject
Project("{8BC9CEB8-8B4A-11D0-8D11-00A0C91BC942}") = "CreateThread", "CreateThread\CreateThread.vcxproj", "{5FFE868C-50A3-479F-804A-0CB2D6864066}"
EndProject
Project("{FAE04EC0-301F-11D3-BF4B-00C04F79EFBC}") = "Lithe", "Lithe\Lithe.csproj", "{E576B329-63AA-4D3C-B6C8-984A435302F3}"
EndProject
Project("{2150E333-8FDC-42A3-9474-1A3956D46DE8}") = "Detour", "Detour", "{B8F6145F-0333-4E5D-A1A6-84F6AC3ED0DD}"
EndProject
Project("{8BC9CEB8-8B4A-11D0-8D11-00A0C91BC942}") = "Detour", "Detour\Detour.vcxproj", "{EE4C6258-83B8-4455-B5EB-FFDA3FFA0743}"
EndProject
Project("{FAE04EC0-301F-11D3-BF4B-00C04F79EFBC}") = "Cyclone", "Cyclone\Cyclone.csproj", "{917D25F9-6BC1-4FD1-845B-0801374FF792}"
EndProject
Project("{2150E333-8FDC-42A3-9474-1A3956D46DE8}") = "Exracting Tools", "Exracting Tools", "{63A2430C-E1F1-4968-8FD1-D3429F9A2A6D}"
EndProject
Project("{2150E333-8FDC-42A3-9474-1A3956D46DE8}") = "Packing Tools", "Packing Tools", "{53604621-FE8D-489F-BE5F-6E375CEBD1A7}"
EndProject
Project("{2150E333-8FDC-42A3-9474-1A3956D46DE8}") = "Parsing Tools", "Parsing Tools", "{1F6BD197-59AE-4436-B4AF-526B2C8FF3A4}"
EndProject
Project("{FAE04EC0-301F-11D3-BF4B-00C04F79EFBC}") = "Flatiron", "Flatiron\Flatiron.csproj", "{D6CFF0ED-9B4F-4B0C-BB71-C9BCC8B74AA6}"
EndProject
Global
	GlobalSection(SolutionConfigurationPlatforms) = preSolution
		Debug|Any CPU = Debug|Any CPU
		Debug|x64 = Debug|x64
		Debug|x86 = Debug|x86
		Release|Any CPU = Release|Any CPU
		Release|x64 = Release|x64
		Release|x86 = Release|x86
	EndGlobalSection
	GlobalSection(ProjectConfigurationPlatforms) = postSolution
		{471F031F-BDBB-48B4-8128-1399723BA10F}.Debug|Any CPU.ActiveCfg = Debug|Any CPU
		{471F031F-BDBB-48B4-8128-1399723BA10F}.Debug|Any CPU.Build.0 = Debug|Any CPU
		{471F031F-BDBB-48B4-8128-1399723BA10F}.Debug|x64.ActiveCfg = Debug|Any CPU
		{471F031F-BDBB-48B4-8128-1399723BA10F}.Debug|x64.Build.0 = Debug|Any CPU
		{471F031F-BDBB-48B4-8128-1399723BA10F}.Debug|x86.ActiveCfg = Debug|Any CPU
		{471F031F-BDBB-48B4-8128-1399723BA10F}.Debug|x86.Build.0 = Debug|Any CPU
		{471F031F-BDBB-48B4-8128-1399723BA10F}.Release|Any CPU.ActiveCfg = Release|Any CPU
		{471F031F-BDBB-48B4-8128-1399723BA10F}.Release|Any CPU.Build.0 = Release|Any CPU
		{471F031F-BDBB-48B4-8128-1399723BA10F}.Release|x64.ActiveCfg = Release|Any CPU
		{471F031F-BDBB-48B4-8128-1399723BA10F}.Release|x64.Build.0 = Release|Any CPU
		{471F031F-BDBB-48B4-8128-1399723BA10F}.Release|x86.ActiveCfg = Release|Any CPU
		{471F031F-BDBB-48B4-8128-1399723BA10F}.Release|x86.Build.0 = Release|Any CPU
		{C31CEFE9-64FE-4193-B5DB-9D9CEE83E4BF}.Debug|Any CPU.ActiveCfg = Debug|Any CPU
		{C31CEFE9-64FE-4193-B5DB-9D9CEE83E4BF}.Debug|Any CPU.Build.0 = Debug|Any CPU
		{C31CEFE9-64FE-4193-B5DB-9D9CEE83E4BF}.Debug|x64.ActiveCfg = Debug|Any CPU
		{C31CEFE9-64FE-4193-B5DB-9D9CEE83E4BF}.Debug|x64.Build.0 = Debug|Any CPU
		{C31CEFE9-64FE-4193-B5DB-9D9CEE83E4BF}.Debug|x86.ActiveCfg = Debug|Any CPU
		{C31CEFE9-64FE-4193-B5DB-9D9CEE83E4BF}.Debug|x86.Build.0 = Debug|Any CPU
		{C31CEFE9-64FE-4193-B5DB-9D9CEE83E4BF}.Release|Any CPU.ActiveCfg = Release|Any CPU
		{C31CEFE9-64FE-4193-B5DB-9D9CEE83E4BF}.Release|Any CPU.Build.0 = Release|Any CPU
		{C31CEFE9-64FE-4193-B5DB-9D9CEE83E4BF}.Release|x64.ActiveCfg = Release|Any CPU
		{C31CEFE9-64FE-4193-B5DB-9D9CEE83E4BF}.Release|x64.Build.0 = Release|Any CPU
		{C31CEFE9-64FE-4193-B5DB-9D9CEE83E4BF}.Release|x86.ActiveCfg = Release|Any CPU
		{C31CEFE9-64FE-4193-B5DB-9D9CEE83E4BF}.Release|x86.Build.0 = Release|Any CPU
		{4C925470-F8CB-4B64-A64D-179D03932794}.Debug|Any CPU.ActiveCfg = Debug|Any CPU
		{4C925470-F8CB-4B64-A64D-179D03932794}.Debug|Any CPU.Build.0 = Debug|Any CPU
		{4C925470-F8CB-4B64-A64D-179D03932794}.Debug|x64.ActiveCfg = Debug|Any CPU
		{4C925470-F8CB-4B64-A64D-179D03932794}.Debug|x64.Build.0 = Debug|Any CPU
		{4C925470-F8CB-4B64-A64D-179D03932794}.Debug|x86.ActiveCfg = Debug|Any CPU
		{4C925470-F8CB-4B64-A64D-179D03932794}.Debug|x86.Build.0 = Debug|Any CPU
		{4C925470-F8CB-4B64-A64D-179D03932794}.Release|Any CPU.ActiveCfg = Release|Any CPU
		{4C925470-F8CB-4B64-A64D-179D03932794}.Release|Any CPU.Build.0 = Release|Any CPU
		{4C925470-F8CB-4B64-A64D-179D03932794}.Release|x64.ActiveCfg = Release|Any CPU
		{4C925470-F8CB-4B64-A64D-179D03932794}.Release|x64.Build.0 = Release|Any CPU
		{4C925470-F8CB-4B64-A64D-179D03932794}.Release|x86.ActiveCfg = Release|Any CPU
		{4C925470-F8CB-4B64-A64D-179D03932794}.Release|x86.Build.0 = Release|Any CPU
		{AF70842B-03CA-433D-A599-904A5FD9624F}.Debug|Any CPU.ActiveCfg = Debug|Any CPU
		{AF70842B-03CA-433D-A599-904A5FD9624F}.Debug|Any CPU.Build.0 = Debug|Any CPU
		{AF70842B-03CA-433D-A599-904A5FD9624F}.Debug|x64.ActiveCfg = Debug|Any CPU
		{AF70842B-03CA-433D-A599-904A5FD9624F}.Debug|x64.Build.0 = Debug|Any CPU
		{AF70842B-03CA-433D-A599-904A5FD9624F}.Debug|x86.ActiveCfg = Debug|Any CPU
		{AF70842B-03CA-433D-A599-904A5FD9624F}.Debug|x86.Build.0 = Debug|Any CPU
		{AF70842B-03CA-433D-A599-904A5FD9624F}.Release|Any CPU.ActiveCfg = Release|Any CPU
		{AF70842B-03CA-433D-A599-904A5FD9624F}.Release|Any CPU.Build.0 = Release|Any CPU
		{AF70842B-03CA-433D-A599-904A5FD9624F}.Release|x64.ActiveCfg = Release|Any CPU
		{AF70842B-03CA-433D-A599-904A5FD9624F}.Release|x64.Build.0 = Release|Any CPU
		{AF70842B-03CA-433D-A599-904A5FD9624F}.Release|x86.ActiveCfg = Release|Any CPU
		{AF70842B-03CA-433D-A599-904A5FD9624F}.Release|x86.Build.0 = Release|Any CPU
		{C9200A4B-3A0F-4E65-B577-FAB1ECF41ADE}.Debug|Any CPU.ActiveCfg = Debug|Any CPU
		{C9200A4B-3A0F-4E65-B577-FAB1ECF41ADE}.Debug|Any CPU.Build.0 = Debug|Any CPU
		{C9200A4B-3A0F-4E65-B577-FAB1ECF41ADE}.Debug|x64.ActiveCfg = Debug|Any CPU
		{C9200A4B-3A0F-4E65-B577-FAB1ECF41ADE}.Debug|x64.Build.0 = Debug|Any CPU
		{C9200A4B-3A0F-4E65-B577-FAB1ECF41ADE}.Debug|x86.ActiveCfg = Debug|Any CPU
		{C9200A4B-3A0F-4E65-B577-FAB1ECF41ADE}.Debug|x86.Build.0 = Debug|Any CPU
		{C9200A4B-3A0F-4E65-B577-FAB1ECF41ADE}.Release|Any CPU.ActiveCfg = Release|Any CPU
		{C9200A4B-3A0F-4E65-B577-FAB1ECF41ADE}.Release|Any CPU.Build.0 = Release|Any CPU
		{C9200A4B-3A0F-4E65-B577-FAB1ECF41ADE}.Release|x64.ActiveCfg = Release|Any CPU
		{C9200A4B-3A0F-4E65-B577-FAB1ECF41ADE}.Release|x64.Build.0 = Release|Any CPU
		{C9200A4B-3A0F-4E65-B577-FAB1ECF41ADE}.Release|x86.ActiveCfg = Release|Any CPU
		{C9200A4B-3A0F-4E65-B577-FAB1ECF41ADE}.Release|x86.Build.0 = Release|Any CPU
		{470E8CA5-3741-4FB6-BD16-5FDB6805FCC3}.Debug|Any CPU.ActiveCfg = Debug|Any CPU
		{470E8CA5-3741-4FB6-BD16-5FDB6805FCC3}.Debug|Any CPU.Build.0 = Debug|Any CPU
		{470E8CA5-3741-4FB6-BD16-5FDB6805FCC3}.Debug|x64.ActiveCfg = Debug|Any CPU
		{470E8CA5-3741-4FB6-BD16-5FDB6805FCC3}.Debug|x64.Build.0 = Debug|Any CPU
		{470E8CA5-3741-4FB6-BD16-5FDB6805FCC3}.Debug|x86.ActiveCfg = Debug|Any CPU
		{470E8CA5-3741-4FB6-BD16-5FDB6805FCC3}.Debug|x86.Build.0 = Debug|Any CPU
		{470E8CA5-3741-4FB6-BD16-5FDB6805FCC3}.Release|Any CPU.ActiveCfg = Release|Any CPU
		{470E8CA5-3741-4FB6-BD16-5FDB6805FCC3}.Release|Any CPU.Build.0 = Release|Any CPU
		{470E8CA5-3741-4FB6-BD16-5FDB6805FCC3}.Release|x64.ActiveCfg = Release|Any CPU
		{470E8CA5-3741-4FB6-BD16-5FDB6805FCC3}.Release|x64.Build.0 = Release|Any CPU
		{470E8CA5-3741-4FB6-BD16-5FDB6805FCC3}.Release|x86.ActiveCfg = Release|Any CPU
		{470E8CA5-3741-4FB6-BD16-5FDB6805FCC3}.Release|x86.Build.0 = Release|Any CPU
		{2FD46374-78BE-493F-8AB5-D03B4899A04B}.Debug|Any CPU.ActiveCfg = Debug|Any CPU
		{2FD46374-78BE-493F-8AB5-D03B4899A04B}.Debug|Any CPU.Build.0 = Debug|Any CPU
		{2FD46374-78BE-493F-8AB5-D03B4899A04B}.Debug|x64.ActiveCfg = Debug|Any CPU
		{2FD46374-78BE-493F-8AB5-D03B4899A04B}.Debug|x64.Build.0 = Debug|Any CPU
		{2FD46374-78BE-493F-8AB5-D03B4899A04B}.Debug|x86.ActiveCfg = Debug|Any CPU
		{2FD46374-78BE-493F-8AB5-D03B4899A04B}.Debug|x86.Build.0 = Debug|Any CPU
		{2FD46374-78BE-493F-8AB5-D03B4899A04B}.Release|Any CPU.ActiveCfg = Release|Any CPU
		{2FD46374-78BE-493F-8AB5-D03B4899A04B}.Release|Any CPU.Build.0 = Release|Any CPU
		{2FD46374-78BE-493F-8AB5-D03B4899A04B}.Release|x64.ActiveCfg = Release|Any CPU
		{2FD46374-78BE-493F-8AB5-D03B4899A04B}.Release|x64.Build.0 = Release|Any CPU
		{2FD46374-78BE-493F-8AB5-D03B4899A04B}.Release|x86.ActiveCfg = Release|Any CPU
		{2FD46374-78BE-493F-8AB5-D03B4899A04B}.Release|x86.Build.0 = Release|Any CPU
		{F4978EA4-45F2-402E-8620-D6F7C6B13D96}.Debug|Any CPU.ActiveCfg = Debug|Any CPU
		{F4978EA4-45F2-402E-8620-D6F7C6B13D96}.Debug|Any CPU.Build.0 = Debug|Any CPU
		{F4978EA4-45F2-402E-8620-D6F7C6B13D96}.Debug|x64.ActiveCfg = Debug|x64
		{F4978EA4-45F2-402E-8620-D6F7C6B13D96}.Debug|x64.Build.0 = Debug|x64
		{F4978EA4-45F2-402E-8620-D6F7C6B13D96}.Debug|x86.ActiveCfg = Debug|Any CPU
		{F4978EA4-45F2-402E-8620-D6F7C6B13D96}.Debug|x86.Build.0 = Debug|Any CPU
		{F4978EA4-45F2-402E-8620-D6F7C6B13D96}.Release|Any CPU.ActiveCfg = Release|Any CPU
		{F4978EA4-45F2-402E-8620-D6F7C6B13D96}.Release|Any CPU.Build.0 = Release|Any CPU
		{F4978EA4-45F2-402E-8620-D6F7C6B13D96}.Release|x64.ActiveCfg = Release|Any CPU
		{F4978EA4-45F2-402E-8620-D6F7C6B13D96}.Release|x64.Build.0 = Release|Any CPU
		{F4978EA4-45F2-402E-8620-D6F7C6B13D96}.Release|x86.ActiveCfg = Release|Any CPU
		{161D46DF-3981-4C43-8E8D-E3E24B4C93F1}.Debug|Any CPU.ActiveCfg = Debug|Win32
		{161D46DF-3981-4C43-8E8D-E3E24B4C93F1}.Debug|Any CPU.Build.0 = Debug|Win32
		{161D46DF-3981-4C43-8E8D-E3E24B4C93F1}.Debug|x64.ActiveCfg = Debug|x64
		{161D46DF-3981-4C43-8E8D-E3E24B4C93F1}.Debug|x64.Build.0 = Debug|x64
		{161D46DF-3981-4C43-8E8D-E3E24B4C93F1}.Debug|x86.ActiveCfg = Debug|Win32
		{161D46DF-3981-4C43-8E8D-E3E24B4C93F1}.Debug|x86.Build.0 = Debug|Win32
		{161D46DF-3981-4C43-8E8D-E3E24B4C93F1}.Release|Any CPU.ActiveCfg = Release|Win32
		{161D46DF-3981-4C43-8E8D-E3E24B4C93F1}.Release|Any CPU.Build.0 = Release|Win32
		{161D46DF-3981-4C43-8E8D-E3E24B4C93F1}.Release|x64.ActiveCfg = Release|x64
		{161D46DF-3981-4C43-8E8D-E3E24B4C93F1}.Release|x64.Build.0 = Release|x64
		{161D46DF-3981-4C43-8E8D-E3E24B4C93F1}.Release|x86.ActiveCfg = Release|Win32
		{161D46DF-3981-4C43-8E8D-E3E24B4C93F1}.Release|x86.Build.0 = Release|Win32
		{5FFE868C-50A3-479F-804A-0CB2D6864066}.Debug|Any CPU.ActiveCfg = Debug|Win32
		{5FFE868C-50A3-479F-804A-0CB2D6864066}.Debug|Any CPU.Build.0 = Debug|Win32
		{5FFE868C-50A3-479F-804A-0CB2D6864066}.Debug|x64.ActiveCfg = Debug|x64
		{5FFE868C-50A3-479F-804A-0CB2D6864066}.Debug|x64.Build.0 = Debug|x64
		{5FFE868C-50A3-479F-804A-0CB2D6864066}.Debug|x86.ActiveCfg = Debug|Win32
		{5FFE868C-50A3-479F-804A-0CB2D6864066}.Debug|x86.Build.0 = Debug|Win32
		{5FFE868C-50A3-479F-804A-0CB2D6864066}.Release|Any CPU.ActiveCfg = Release|Win32
		{5FFE868C-50A3-479F-804A-0CB2D6864066}.Release|Any CPU.Build.0 = Release|Win32
		{5FFE868C-50A3-479F-804A-0CB2D6864066}.Release|x64.ActiveCfg = Release|x64
		{5FFE868C-50A3-479F-804A-0CB2D6864066}.Release|x64.Build.0 = Release|x64
		{5FFE868C-50A3-479F-804A-0CB2D6864066}.Release|x86.ActiveCfg = Release|Win32
		{5FFE868C-50A3-479F-804A-0CB2D6864066}.Release|x86.Build.0 = Release|Win32
		{E576B329-63AA-4D3C-B6C8-984A435302F3}.Debug|Any CPU.ActiveCfg = Debug|Any CPU
		{E576B329-63AA-4D3C-B6C8-984A435302F3}.Debug|Any CPU.Build.0 = Debug|Any CPU
		{E576B329-63AA-4D3C-B6C8-984A435302F3}.Debug|x64.ActiveCfg = Debug|Any CPU
		{E576B329-63AA-4D3C-B6C8-984A435302F3}.Debug|x64.Build.0 = Debug|Any CPU
		{E576B329-63AA-4D3C-B6C8-984A435302F3}.Debug|x86.ActiveCfg = Debug|Any CPU
		{E576B329-63AA-4D3C-B6C8-984A435302F3}.Debug|x86.Build.0 = Debug|Any CPU
		{E576B329-63AA-4D3C-B6C8-984A435302F3}.Release|Any CPU.ActiveCfg = Release|Any CPU
		{E576B329-63AA-4D3C-B6C8-984A435302F3}.Release|Any CPU.Build.0 = Release|Any CPU
		{E576B329-63AA-4D3C-B6C8-984A435302F3}.Release|x64.ActiveCfg = Release|Any CPU
		{E576B329-63AA-4D3C-B6C8-984A435302F3}.Release|x64.Build.0 = Release|Any CPU
		{E576B329-63AA-4D3C-B6C8-984A435302F3}.Release|x86.ActiveCfg = Release|Any CPU
		{E576B329-63AA-4D3C-B6C8-984A435302F3}.Release|x86.Build.0 = Release|Any CPU
		{EE4C6258-83B8-4455-B5EB-FFDA3FFA0743}.Debug|Any CPU.ActiveCfg = Debug|Win32
		{EE4C6258-83B8-4455-B5EB-FFDA3FFA0743}.Debug|Any CPU.Build.0 = Debug|Win32
		{EE4C6258-83B8-4455-B5EB-FFDA3FFA0743}.Debug|x64.ActiveCfg = Debug|x64
		{EE4C6258-83B8-4455-B5EB-FFDA3FFA0743}.Debug|x64.Build.0 = Debug|x64
		{EE4C6258-83B8-4455-B5EB-FFDA3FFA0743}.Debug|x86.ActiveCfg = Debug|Win32
		{EE4C6258-83B8-4455-B5EB-FFDA3FFA0743}.Debug|x86.Build.0 = Debug|Win32
		{EE4C6258-83B8-4455-B5EB-FFDA3FFA0743}.Release|Any CPU.ActiveCfg = Release|Win32
		{EE4C6258-83B8-4455-B5EB-FFDA3FFA0743}.Release|Any CPU.Build.0 = Release|Win32
		{EE4C6258-83B8-4455-B5EB-FFDA3FFA0743}.Release|x64.ActiveCfg = Release|x64
		{EE4C6258-83B8-4455-B5EB-FFDA3FFA0743}.Release|x64.Build.0 = Release|x64
		{EE4C6258-83B8-4455-B5EB-FFDA3FFA0743}.Release|x86.ActiveCfg = Release|Win32
		{EE4C6258-83B8-4455-B5EB-FFDA3FFA0743}.Release|x86.Build.0 = Release|Win32
		{917D25F9-6BC1-4FD1-845B-0801374FF792}.Debug|Any CPU.ActiveCfg = Debug|Any CPU
		{917D25F9-6BC1-4FD1-845B-0801374FF792}.Debug|Any CPU.Build.0 = Debug|Any CPU
		{917D25F9-6BC1-4FD1-845B-0801374FF792}.Debug|x64.ActiveCfg = Debug|Any CPU
		{917D25F9-6BC1-4FD1-845B-0801374FF792}.Debug|x64.Build.0 = Debug|Any CPU
		{917D25F9-6BC1-4FD1-845B-0801374FF792}.Debug|x86.ActiveCfg = Debug|Any CPU
		{917D25F9-6BC1-4FD1-845B-0801374FF792}.Debug|x86.Build.0 = Debug|Any CPU
		{917D25F9-6BC1-4FD1-845B-0801374FF792}.Release|Any CPU.ActiveCfg = Release|Any CPU
		{917D25F9-6BC1-4FD1-845B-0801374FF792}.Release|Any CPU.Build.0 = Release|Any CPU
		{917D25F9-6BC1-4FD1-845B-0801374FF792}.Release|x64.ActiveCfg = Release|Any CPU
		{917D25F9-6BC1-4FD1-845B-0801374FF792}.Release|x64.Build.0 = Release|Any CPU
		{917D25F9-6BC1-4FD1-845B-0801374FF792}.Release|x86.ActiveCfg = Release|Any CPU
		{917D25F9-6BC1-4FD1-845B-0801374FF792}.Release|x86.Build.0 = Release|Any CPU
		{D6CFF0ED-9B4F-4B0C-BB71-C9BCC8B74AA6}.Debug|Any CPU.ActiveCfg = Debug|Any CPU
		{D6CFF0ED-9B4F-4B0C-BB71-C9BCC8B74AA6}.Debug|Any CPU.Build.0 = Debug|Any CPU
		{D6CFF0ED-9B4F-4B0C-BB71-C9BCC8B74AA6}.Debug|x64.ActiveCfg = Debug|Any CPU
		{D6CFF0ED-9B4F-4B0C-BB71-C9BCC8B74AA6}.Debug|x64.Build.0 = Debug|Any CPU
		{D6CFF0ED-9B4F-4B0C-BB71-C9BCC8B74AA6}.Debug|x86.ActiveCfg = Debug|Any CPU
		{D6CFF0ED-9B4F-4B0C-BB71-C9BCC8B74AA6}.Debug|x86.Build.0 = Debug|Any CPU
		{D6CFF0ED-9B4F-4B0C-BB71-C9BCC8B74AA6}.Release|Any CPU.ActiveCfg = Release|Any CPU
		{D6CFF0ED-9B4F-4B0C-BB71-C9BCC8B74AA6}.Release|Any CPU.Build.0 = Release|Any CPU
		{D6CFF0ED-9B4F-4B0C-BB71-C9BCC8B74AA6}.Release|x64.ActiveCfg = Release|Any CPU
		{D6CFF0ED-9B4F-4B0C-BB71-C9BCC8B74AA6}.Release|x64.Build.0 = Release|Any CPU
		{D6CFF0ED-9B4F-4B0C-BB71-C9BCC8B74AA6}.Release|x86.ActiveCfg = Release|Any CPU
		{D6CFF0ED-9B4F-4B0C-BB71-C9BCC8B74AA6}.Release|x86.Build.0 = Release|Any CPU
	EndGlobalSection
	GlobalSection(SolutionProperties) = preSolution
		HideSolutionNode = FALSE
	EndGlobalSection
	GlobalSection(NestedProjects) = preSolution
		{471F031F-BDBB-48B4-8128-1399723BA10F} = {63A2430C-E1F1-4968-8FD1-D3429F9A2A6D}
		{C31CEFE9-64FE-4193-B5DB-9D9CEE83E4BF} = {63A2430C-E1F1-4968-8FD1-D3429F9A2A6D}
		{AF70842B-03CA-433D-A599-904A5FD9624F} = {63A2430C-E1F1-4968-8FD1-D3429F9A2A6D}
		{2FD46374-78BE-493F-8AB5-D03B4899A04B} = {53604621-FE8D-489F-BE5F-6E375CEBD1A7}
		{161D46DF-3981-4C43-8E8D-E3E24B4C93F1} = {82DD79BD-8E10-4AB6-BA02-6F1D78B497E1}
		{82DD79BD-8E10-4AB6-BA02-6F1D78B497E1} = {20E27FC9-45E3-41EF-8ADD-CB3A010C051F}
		{331E1BAC-EC9B-43AE-9F0A-F8D389375589} = {20E27FC9-45E3-41EF-8ADD-CB3A010C051F}
		{5FFE868C-50A3-479F-804A-0CB2D6864066} = {331E1BAC-EC9B-43AE-9F0A-F8D389375589}
		{E576B329-63AA-4D3C-B6C8-984A435302F3} = {1F6BD197-59AE-4436-B4AF-526B2C8FF3A4}
		{B8F6145F-0333-4E5D-A1A6-84F6AC3ED0DD} = {20E27FC9-45E3-41EF-8ADD-CB3A010C051F}
		{EE4C6258-83B8-4455-B5EB-FFDA3FFA0743} = {B8F6145F-0333-4E5D-A1A6-84F6AC3ED0DD}
		{917D25F9-6BC1-4FD1-845B-0801374FF792} = {53604621-FE8D-489F-BE5F-6E375CEBD1A7}
		{D6CFF0ED-9B4F-4B0C-BB71-C9BCC8B74AA6} = {63A2430C-E1F1-4968-8FD1-D3429F9A2A6D}
	EndGlobalSection
	GlobalSection(ExtensibilityGlobals) = postSolution
		SolutionGuid = {D850726B-11D0-404F-AE1F-4AD8A19B8D49}
	EndGlobalSection
EndGlobal
